%{
  "cowboy": {:hex, :cowboy, "2.5.0", "4ef3ae066ee10fe01ea3272edc8f024347a0d3eb95f6fbb9aed556dacbfc1337", [:rebar3], [{:cowlib, "~> 2.6.0", [hex: :cowlib, repo: "hexpm", optional: false]}, {:ranch, "~> 1.6.2", [hex: :ranch, repo: "hexpm", optional: false]}], "hexpm", "07763d253314bd76017157e3a33e2cd32c1500e0ecf7ceb4e80aa09d2939aa30"},
  "cowlib": {:hex, :cowlib, "2.6.0", "8aa629f81a0fc189f261dc98a42243fa842625feea3c7ec56c48f4ccdb55490f", [:rebar3], [], "hexpm", "45a1a08e05e4c66f2af665295955e337d52c2d33b1f1cf24d353cadeddf34992"},
  "decimal": {:hex, :decimal, "2.0.0", "a78296e617b0f5dd4c6caf57c714431347912ffb1d0842e998e9792b5642d697", [:mix], [], "hexpm", "34666e9c55dea81013e77d9d87370fe6cb6291d1ef32f46a1600230b1d44f577"},
  "ecto": {:hex, :ecto, "3.4.6", "08f7afad3257d6eb8613309af31037e16c36808dfda5a3cd0cb4e9738db030e4", [:mix], [{:decimal, "~> 1.6 or ~> 2.0", [hex: :decimal, repo: "hexpm", optional: false]}, {:jason, "~> 1.0", [hex: :jason, repo: "hexpm", optional: true]}, {:telemetry, "~> 0.4", [hex: :telemetry, repo: "hexpm", optional: false]}], "hexpm", "6f13a9e2a62e75c2dcfc7207bfc65645ab387af8360db4c89fee8b5a4bf3f70b"},
  "file_system": {:hex, :file_system, "0.2.6", "fd4dc3af89b9ab1dc8ccbcc214a0e60c41f34be251d9307920748a14bf41f1d3", [:mix], [], "hexpm", "0d50da6b04c58e101a3793b1600f9a03b86e3a8057b192ac1766013d35706fa6"},
  "gettext": {:hex, :gettext, "0.16.1", "e2130b25eebcbe02bb343b119a07ae2c7e28bd4b146c4a154da2ffb2b3507af2", [:mix], [], "hexpm", "dd3a7ea5e3e87ee9df29452dd9560709b4c7cc8141537d0b070155038d92bdf1"},
  "jason": {:hex, :jason, "1.2.2", "ba43e3f2709fd1aa1dce90aaabfd039d000469c05c56f0b8e31978e03fa39052", [:mix], [{:decimal, "~> 1.0 or ~> 2.0", [hex: :decimal, repo: "hexpm", optional: true]}], "hexpm", "18a228f5f0058ee183f29f9eae0805c6e59d61c3b006760668d8d18ff0d12179"},
  "mime": {:hex, :mime, "1.4.0", "5066f14944b470286146047d2f73518cf5cca82f8e4815cf35d196b58cf07c47", [:mix], [], "hexpm", "75fa42c4228ea9a23f70f123c74ba7cece6a03b1fd474fe13f6a7a85c6ea4ff6"},
  "phoenix": {:hex, :phoenix, "1.4.0", "56fe9a809e0e735f3e3b9b31c1b749d4b436e466d8da627b8d82f90eaae714d2", [:mix], [{:jason, "~> 1.0", [hex: :jason, repo: "hexpm", optional: true]}, {:phoenix_pubsub, "~> 1.1", [hex: :phoenix_pubsub, repo: "hexpm", optional: false]}, {:plug, "~> 1.7", [hex: :plug, repo: "hexpm", optional: false]}, {:plug_cowboy, "~> 1.0 or ~> 2.0", [hex: :plug_cowboy, repo: "hexpm", optional: true]}], "hexpm", "22da8f659cf13d3ba73b767f66b8c389113ddf0ef7b94225cc84e94b85eac90e"},
  "phoenix_ecto": {:hex, :phoenix_ecto, "4.2.1", "13f124cf0a3ce0f1948cf24654c7b9f2347169ff75c1123f44674afee6af3b03", [:mix], [{:ecto, "~> 3.0", [hex: :ecto, repo: "hexpm", optional: false]}, {:phoenix_html, "~> 2.14.2 or ~> 2.15", [hex: :phoenix_html, repo: "hexpm", optional: true]}, {:plug, "~> 1.0", [hex: :plug, repo: "hexpm", optional: false]}], "hexpm", "478a1bae899cac0a6e02be1deec7e2944b7754c04e7d4107fc5a517f877743c0"},
  "phoenix_html": {:hex, :phoenix_html, "2.14.2", "b8a3899a72050f3f48a36430da507dd99caf0ac2d06c77529b1646964f3d563e", [:mix], [{:plug, "~> 1.5", [hex: :plug, repo: "hexpm", optional: false]}], "hexpm", "58061c8dfd25da5df1ea0ca47c972f161beb6c875cd293917045b92ffe1bf617"},
  "phoenix_live_reload": {:hex, :phoenix_live_reload, "1.2.0", "3bb31a9fbd40ffe8652e60c8660dffd72dd231efcdf49b744fb75b9ef7db5dd2", [:mix], [{:file_system, "~> 0.2.1 or ~> 0.3", [hex: :file_system, repo: "hexpm", optional: false]}, {:phoenix, "~> 1.4", [hex: :phoenix, repo: "hexpm", optional: false]}], "hexpm", "b61c87a23fabcd85ff369fb9c041d9c01787d210322749026f56a69a914b7503"},
  "phoenix_pubsub": {:hex, :phoenix_pubsub, "1.1.1", "6668d787e602981f24f17a5fbb69cc98f8ab085114ebfac6cc36e10a90c8e93c", [:mix], [], "hexpm", "a3d890aaa3156d51056179dcaaadaf32b844f71656bb27c58756f2b97875c36c"},
  "plug": {:hex, :plug, "1.10.4", "41eba7d1a2d671faaf531fa867645bd5a3dce0957d8e2a3f398ccff7d2ef017f", [:mix], [{:mime, "~> 1.0", [hex: :mime, repo: "hexpm", optional: false]}, {:plug_crypto, "~> 1.1.1 or ~> 1.2", [hex: :plug_crypto, repo: "hexpm", optional: false]}, {:telemetry, "~> 0.4", [hex: :telemetry, repo: "hexpm", optional: false]}], "hexpm", "ad1e233fe73d2eec56616568d260777b67f53148a999dc2d048f4eb9778fe4a0"},
  "plug_cowboy": {:hex, :plug_cowboy, "2.0.0", "ab0c92728f2ba43c544cce85f0f220d8d30fc0c90eaa1e6203683ab039655062", [:mix], [{:cowboy, "~> 2.5", [hex: :cowboy, repo: "hexpm", optional: false]}, {:plug, "~> 1.7", [hex: :plug, repo: "hexpm", optional: false]}], "hexpm", "fa9087d93f4962d099b9c4246dbea97c2f2e6aab1029e8b8206e733a1274cecc"},
  "plug_crypto": {:hex, :plug_crypto, "1.1.2", "bdd187572cc26dbd95b87136290425f2b580a116d3fb1f564216918c9730d227", [:mix], [], "hexpm", "6b8b608f895b6ffcfad49c37c7883e8df98ae19c6a28113b02aa1e9c5b22d6b5"},
  "ranch": {:hex, :ranch, "1.6.2", "6db93c78f411ee033dbb18ba8234c5574883acb9a75af0fb90a9b82ea46afa00", [:rebar3], [], "hexpm", "0b65d1de7f1ebe96feb57803c8d698f7776b663ba10b6dcff34527e4a4f8ff43"},
  "telemetry": {:hex, :telemetry, "0.4.2", "2808c992455e08d6177322f14d3bdb6b625fbcfd233a73505870d8738a2f4599", [:rebar3], [], "hexpm", "2d1419bd9dda6a206d7b5852179511722e2b18812310d304620c7bd92a13fcef"},
}
